
Microsoft Visual Studio Solution File, Format Version 12.00
# Visual Studio Version 17
VisualStudioVersion = 17.14.36518.9 d17.14
MinimumVisualStudioVersion = 10.0.40219.1
Project("{FAE04EC0-301F-11D3-BF4B-00C04F79EFBC}") = "lab-1", "lab-1.csproj", "{65DD2455-5C6E-4EAE-B56A-C138C726305B}"
EndProject
Global
	GlobalSection(SolutionConfigurationPlatforms) = preSolution
		Debug|Any CPU = Debug|Any CPU
		Release|Any CPU = Release|Any CPU
	EndGlobalSection
	GlobalSection(ProjectConfigurationPlatforms) = postSolution
		{65DD2455-5C6E-4EAE-B56A-C138C726305B}.Debug|Any CPU.ActiveCfg = Debug|Any CPU
		{65DD2455-5C6E-4EAE-B56A-C138C726305B}.Debug|Any CPU.Build.0 = Debug|Any CPU
		{65DD2455-5C6E-4EAE-B56A-C138C726305B}.Release|Any CPU.ActiveCfg = Release|Any CPU
		{65DD2455-5C6E-4EAE-B56A-C138C726305B}.Release|Any CPU.Build.0 = Release|Any CPU
	EndGlobalSection
	GlobalSection(SolutionProperties) = preSolution
		HideSolutionNode = FALSE
	EndGlobalSection
	GlobalSection(ExtensibilityGlobals) = postSolution
		SolutionGuid = {26AD3C3F-2AF5-4429-BE7A-5A48F4098B49}
	EndGlobalSection
EndGlobal
