
Microsoft Visual Studio Solution File, Format Version 12.00
# Visual Studio Version 17
VisualStudioVersion = 17.14.36518.9 d17.14
MinimumVisualStudioVersion = 10.0.40219.1
Project("{FAE04EC0-301F-11D3-BF4B-00C04F79EFBC}") = "bonus-lab-1", "bonus-lab-1.csproj", "{3EB1D7B4-48A7-45C4-B196-5A4C7A364F53}"
EndProject
Global
	GlobalSection(SolutionConfigurationPlatforms) = preSolution
		Debug|Any CPU = Debug|Any CPU
		Release|Any CPU = Release|Any CPU
	EndGlobalSection
	GlobalSection(ProjectConfigurationPlatforms) = postSolution
		{3EB1D7B4-48A7-45C4-B196-5A4C7A364F53}.Debug|Any CPU.ActiveCfg = Debug|Any CPU
		{3EB1D7B4-48A7-45C4-B196-5A4C7A364F53}.Debug|Any CPU.Build.0 = Debug|Any CPU
		{3EB1D7B4-48A7-45C4-B196-5A4C7A364F53}.Release|Any CPU.ActiveCfg = Release|Any CPU
		{3EB1D7B4-48A7-45C4-B196-5A4C7A364F53}.Release|Any CPU.Build.0 = Release|Any CPU
	EndGlobalSection
	GlobalSection(SolutionProperties) = preSolution
		HideSolutionNode = FALSE
	EndGlobalSection
	GlobalSection(ExtensibilityGlobals) = postSolution
		SolutionGuid = {EC03A54D-9BC1-48B0-BED1-50184382B3D4}
	EndGlobalSection
EndGlobal
