
Microsoft Visual Studio Solution File, Format Version 12.00
# Visual Studio Version 17
VisualStudioVersion = 17.14.36518.9 d17.14
MinimumVisualStudioVersion = 10.0.40219.1
Project("{FAE04EC0-301F-11D3-BF4B-00C04F79EFBC}") = "lab-4", "lab-4.csproj", "{221FC333-2412-4F04-B3E6-DC518F428809}"
EndProject
Global
	GlobalSection(SolutionConfigurationPlatforms) = preSolution
		Debug|Any CPU = Debug|Any CPU
		Release|Any CPU = Release|Any CPU
	EndGlobalSection
	GlobalSection(ProjectConfigurationPlatforms) = postSolution
		{221FC333-2412-4F04-B3E6-DC518F428809}.Debug|Any CPU.ActiveCfg = Debug|Any CPU
		{221FC333-2412-4F04-B3E6-DC518F428809}.Debug|Any CPU.Build.0 = Debug|Any CPU
		{221FC333-2412-4F04-B3E6-DC518F428809}.Release|Any CPU.ActiveCfg = Release|Any CPU
		{221FC333-2412-4F04-B3E6-DC518F428809}.Release|Any CPU.Build.0 = Release|Any CPU
	EndGlobalSection
	GlobalSection(SolutionProperties) = preSolution
		HideSolutionNode = FALSE
	EndGlobalSection
	GlobalSection(ExtensibilityGlobals) = postSolution
		SolutionGuid = {22292B9E-F87A-4538-96C2-F8A229117D1D}
	EndGlobalSection
EndGlobal
