
Microsoft Visual Studio Solution File, Format Version 12.00
# Visual Studio Version 17
VisualStudioVersion = 17.14.36518.9 d17.14
MinimumVisualStudioVersion = 10.0.40219.1
Project("{FAE04EC0-301F-11D3-BF4B-00C04F79EFBC}") = "lab-8", "lab-8.csproj", "{6C16601D-6B4C-4A8B-9642-5AC0AFA0D652}"
EndProject
Global
	GlobalSection(SolutionConfigurationPlatforms) = preSolution
		Debug|Any CPU = Debug|Any CPU
		Release|Any CPU = Release|Any CPU
	EndGlobalSection
	GlobalSection(ProjectConfigurationPlatforms) = postSolution
		{6C16601D-6B4C-4A8B-9642-5AC0AFA0D652}.Debug|Any CPU.ActiveCfg = Debug|Any CPU
		{6C16601D-6B4C-4A8B-9642-5AC0AFA0D652}.Debug|Any CPU.Build.0 = Debug|Any CPU
		{6C16601D-6B4C-4A8B-9642-5AC0AFA0D652}.Release|Any CPU.ActiveCfg = Release|Any CPU
		{6C16601D-6B4C-4A8B-9642-5AC0AFA0D652}.Release|Any CPU.Build.0 = Release|Any CPU
	EndGlobalSection
	GlobalSection(SolutionProperties) = preSolution
		HideSolutionNode = FALSE
	EndGlobalSection
	GlobalSection(ExtensibilityGlobals) = postSolution
		SolutionGuid = {D7BBADBB-DBE7-498E-9B67-6DE6A33FAE93}
	EndGlobalSection
EndGlobal
