
Microsoft Visual Studio Solution File, Format Version 12.00
# Visual Studio Version 17
VisualStudioVersion = 17.14.36518.9 d17.14
MinimumVisualStudioVersion = 10.0.40219.1
Project("{FAE04EC0-301F-11D3-BF4B-00C04F79EFBC}") = "lab-3", "lab-3.csproj", "{199237DD-8DCC-468F-88F3-CCD4C3EC4613}"
EndProject
Global
	GlobalSection(SolutionConfigurationPlatforms) = preSolution
		Debug|Any CPU = Debug|Any CPU
		Release|Any CPU = Release|Any CPU
	EndGlobalSection
	GlobalSection(ProjectConfigurationPlatforms) = postSolution
		{199237DD-8DCC-468F-88F3-CCD4C3EC4613}.Debug|Any CPU.ActiveCfg = Debug|Any CPU
		{199237DD-8DCC-468F-88F3-CCD4C3EC4613}.Debug|Any CPU.Build.0 = Debug|Any CPU
		{199237DD-8DCC-468F-88F3-CCD4C3EC4613}.Release|Any CPU.ActiveCfg = Release|Any CPU
		{199237DD-8DCC-468F-88F3-CCD4C3EC4613}.Release|Any CPU.Build.0 = Release|Any CPU
	EndGlobalSection
	GlobalSection(SolutionProperties) = preSolution
		HideSolutionNode = FALSE
	EndGlobalSection
	GlobalSection(ExtensibilityGlobals) = postSolution
		SolutionGuid = {14CE3148-96A0-4421-B0F2-D65A3A410784}
	EndGlobalSection
EndGlobal
